
Microsoft Visual Studio Solution File, Format Version 12.00
# Visual Studio Version 17
VisualStudioVersion = 17.9.34714.143
MinimumVisualStudioVersion = 10.0.40219.1
Project("{FAE04EC0-301F-11D3-BF4B-00C04F79EFBC}") = "Project_Server", "Project_Server\Project_Server.csproj", "{383467D2-66F4-4DE8-AABA-2B9742E332BB}"
EndProject
Global
	GlobalSection(SolutionConfigurationPlatforms) = preSolution
		Debug|Any CPU = Debug|Any CPU
		Release|Any CPU = Release|Any CPU
	EndGlobalSection
	GlobalSection(ProjectConfigurationPlatforms) = postSolution
		{383467D2-66F4-4DE8-AABA-2B9742E332BB}.Debug|Any CPU.ActiveCfg = Debug|Any CPU
		{383467D2-66F4-4DE8-AABA-2B9742E332BB}.Debug|Any CPU.Build.0 = Debug|Any CPU
		{383467D2-66F4-4DE8-AABA-2B9742E332BB}.Release|Any CPU.ActiveCfg = Release|Any CPU
		{383467D2-66F4-4DE8-AABA-2B9742E332BB}.Release|Any CPU.Build.0 = Release|Any CPU
	EndGlobalSection
	GlobalSection(SolutionProperties) = preSolution
		HideSolutionNode = FALSE
	EndGlobalSection
	GlobalSection(ExtensibilityGlobals) = postSolution
		SolutionGuid = {E59743B9-4285-4EE5-B752-0929BE90A82F}
	EndGlobalSection
EndGlobal
